
Microsoft Visual Studio Solution File, Format Version 12.00
# Visual Studio Version 17
VisualStudioVersion = 17.4.33110.190
MinimumVisualStudioVersion = 10.0.40219.1
Project("{FAE04EC0-301F-11D3-BF4B-00C04F79EFBC}") = "UsersApp", "UsersApp.csproj", "{9E4A1F20-93CA-4ED8-924D-AB4D9CFB5C89}"
EndProject
Global
	GlobalSection(SolutionConfigurationPlatforms) = preSolution
		Debug|Any CPU = Debug|Any CPU
		Release|Any CPU = Release|Any CPU
	EndGlobalSection
	GlobalSection(ProjectConfigurationPlatforms) = postSolution
		{9E4A1F20-93CA-4ED8-924D-AB4D9CFB5C89}.Debug|Any CPU.ActiveCfg = Debug|Any CPU
		{9E4A1F20-93CA-4ED8-924D-AB4D9CFB5C89}.Debug|Any CPU.Build.0 = Debug|Any CPU
		{9E4A1F20-93CA-4ED8-924D-AB4D9CFB5C89}.Release|Any CPU.ActiveCfg = Release|Any CPU
		{9E4A1F20-93CA-4ED8-924D-AB4D9CFB5C89}.Release|Any CPU.Build.0 = Release|Any CPU
	EndGlobalSection
	GlobalSection(SolutionProperties) = preSolution
		HideSolutionNode = FALSE
	EndGlobalSection
	GlobalSection(ExtensibilityGlobals) = postSolution
		SolutionGuid = {079FAD8C-4350-4DB8-8B58-709D1915DC49}
	EndGlobalSection
EndGlobal
